github.com/eric-song-nop/desktop v0.1.0 h1:pFQgQ0wuBfpEBKxxRZKUGhmrcIxwLtvWtpUYRwYG2Yo=
github.com/eric-song-nop/desktop v0.1.0/go.mod h1:3vrU5FqeOSbaMIMog3zdz7b4RISxz9PGFU3c63woM7A=
github.com/fzdwx/iter v0.0.0-20230929014346-be73f708fd5a h1:3fcXq+rtAYZf3ZeFrfB3v64/3IgkF5zTgfdd5ghpiug=
github.com/fzdwx/iter v0.0.0-20230929014346-be73f708fd5a/go.mod h1:Z3Qmt8lMUUP2dyDnzDSOLJwL3jBG/SuX/dnGcm30f/U=
